
Microsoft Visual Studio Solution File, Format Version 12.00
# Visual Studio Version 16
VisualStudioVersion = 16.0.33529.622
MinimumVisualStudioVersion = 10.0.40219.1
Project("{FAE04EC0-301F-11D3-BF4B-00C04F79EFBC}") = "DataLayer", "DataLayer\DataLayer.csproj", "{81B777E2-C7C5-4DFC-89FE-F0C5BF3398E3}"
EndProject
Project("{FAE04EC0-301F-11D3-BF4B-00C04F79EFBC}") = "LogicLayer", "LogicLayer\LogicLayer.csproj", "{B0E7AF5F-61FE-40B3-8689-CB1B3D43213B}"
EndProject
Project("{FAE04EC0-301F-11D3-BF4B-00C04F79EFBC}") = "API", "API\API.csproj", "{6D8B95F8-5D4E-4F01-934E-B250BCDEC69F}"
EndProject
Global
	GlobalSection(SolutionConfigurationPlatforms) = preSolution
		Debug|Any CPU = Debug|Any CPU
		Release|Any CPU = Release|Any CPU
	EndGlobalSection
	GlobalSection(ProjectConfigurationPlatforms) = postSolution
		{81B777E2-C7C5-4DFC-89FE-F0C5BF3398E3}.Debug|Any CPU.ActiveCfg = Debug|Any CPU
		{81B777E2-C7C5-4DFC-89FE-F0C5BF3398E3}.Debug|Any CPU.Build.0 = Debug|Any CPU
		{81B777E2-C7C5-4DFC-89FE-F0C5BF3398E3}.Release|Any CPU.ActiveCfg = Release|Any CPU
		{81B777E2-C7C5-4DFC-89FE-F0C5BF3398E3}.Release|Any CPU.Build.0 = Release|Any CPU
		{B0E7AF5F-61FE-40B3-8689-CB1B3D43213B}.Debug|Any CPU.ActiveCfg = Debug|Any CPU
		{B0E7AF5F-61FE-40B3-8689-CB1B3D43213B}.Debug|Any CPU.Build.0 = Debug|Any CPU
		{B0E7AF5F-61FE-40B3-8689-CB1B3D43213B}.Release|Any CPU.ActiveCfg = Release|Any CPU
		{B0E7AF5F-61FE-40B3-8689-CB1B3D43213B}.Release|Any CPU.Build.0 = Release|Any CPU
		{6D8B95F8-5D4E-4F01-934E-B250BCDEC69F}.Debug|Any CPU.ActiveCfg = Debug|Any CPU
		{6D8B95F8-5D4E-4F01-934E-B250BCDEC69F}.Debug|Any CPU.Build.0 = Debug|Any CPU
		{6D8B95F8-5D4E-4F01-934E-B250BCDEC69F}.Release|Any CPU.ActiveCfg = Release|Any CPU
		{6D8B95F8-5D4E-4F01-934E-B250BCDEC69F}.Release|Any CPU.Build.0 = Release|Any CPU
	EndGlobalSection
	GlobalSection(SolutionProperties) = preSolution
		HideSolutionNode = FALSE
	EndGlobalSection
	GlobalSection(ExtensibilityGlobals) = postSolution
		SolutionGuid = {DDDA0EF3-86AF-42F6-932A-D6D21DCD71A2}
	EndGlobalSection
EndGlobal
